<?xml version="1.0" encoding="utf-8"?>
<Project ToolsVersion="4.0" xmlns="http://schemas.microsoft.com/developer/msbuild/2003">
  <ItemGroup>
    <Filter Include="源文件">
      <UniqueIdentifier>{4FC737F1-C7A5-4376-A066-2A32D752A2FF}</UniqueIdentifier>
      <Extensions>cpp;c;cc;cxx;def;odl;idl;hpj;bat;asm;asmx</Extensions>
    </Filter>
    <Filter Include="资源文件">
      <UniqueIdentifier>{67DA6AB6-F800-4c08-8B7A-83BB121AAD01}</UniqueIdentifier>
      <Extensions>rc;ico;cur;bmp;dlg;rc2;rct;bin;rgs;gif;jpg;jpeg;jpe;resx;tiff;tif;png;wav;mfcribbon-ms</Extensions>
    </Filter>
    <Filter Include="头文件">
      <UniqueIdentifier>{93995380-89BD-4b04-88EB-625FBE52EBFB}</UniqueIdentifier>
      <Extensions>h;hh;hpp;hxx;hm;inl;inc;ipp;xsd</Extensions>
    </Filter>
    <Filter Include="资源文件\SNL_TEST">
      <UniqueIdentifier>{afbab01e-f3f3-4478-8101-093755e22d99}</UniqueIdentifier>
    </Filter>
    <Filter Include="资源文件\Prodctions">
      <UniqueIdentifier>{8dfc2e6c-285e-4124-9a67-8a9a6761c7ef}</UniqueIdentifier>
    </Filter>
  </ItemGroup>
  <ItemGroup>
    <ClCompile Include="SNL Compiler.cpp">
      <Filter>源文件</Filter>
    </ClCompile>
    <ClCompile Include="Utils.cpp">
      <Filter>源文件</Filter>
    </ClCompile>
    <ClCompile Include="SNL_Lexer.cpp">
      <Filter>源文件</Filter>
    </ClCompile>
    <ClCompile Include="SNL_LL1.cpp">
      <Filter>源文件</Filter>
    </ClCompile>
    <ClCompile Include="SNL_Production.cpp">
      <Filter>源文件</Filter>
    </ClCompile>
  </ItemGroup>
  <ItemGroup>
    <ClInclude Include="Utils.h">
      <Filter>头文件</Filter>
    </ClInclude>
    <ClInclude Include="SNL_Lexer.h">
      <Filter>头文件</Filter>
    </ClInclude>
    <ClInclude Include="SNL_LL1.h">
      <Filter>头文件</Filter>
    </ClInclude>
    <ClInclude Include="SNL_Tokens.h">
      <Filter>头文件</Filter>
    </ClInclude>
    <ClInclude Include="SNL_Production.h">
      <Filter>头文件</Filter>
    </ClInclude>
  </ItemGroup>
  <ItemGroup>
    <None Include="SNL-Test\sample.snl">
      <Filter>资源文件\SNL_TEST</Filter>
    </None>
  </ItemGroup>
  <ItemGroup>
    <Text Include="garbage.txt">
      <Filter>资源文件</Filter>
    </Text>
    <Text Include="SNL-Test\check error.TXT">
      <Filter>资源文件\SNL_TEST</Filter>
    </Text>
    <Text Include="SNL-Test\simple\C1.TXT">
      <Filter>资源文件\SNL_TEST</Filter>
    </Text>
    <Text Include="SNL-Test\simple\C2.TXT">
      <Filter>资源文件\SNL_TEST</Filter>
    </Text>
    <Text Include="SNL-Test\simple\C4.TXT">
      <Filter>资源文件\SNL_TEST</Filter>
    </Text>
    <Text Include="SNL-Test\simple\C5.TXT">
      <Filter>资源文件\SNL_TEST</Filter>
    </Text>
    <Text Include="SNL-Test\simple\C6.TXT">
      <Filter>资源文件\SNL_TEST</Filter>
    </Text>
    <Text Include="SNL-Test\simple\C7.TXT">
      <Filter>资源文件\SNL_TEST</Filter>
    </Text>
    <Text Include="SNL-Test\simple\C8.TXT">
      <Filter>资源文件\SNL_TEST</Filter>
    </Text>
    <Text Include="SNL-Test\simple\EASY.TXT">
      <Filter>资源文件\SNL_TEST</Filter>
    </Text>
    <Text Include="SNL-Test\simple\EXP.TXT">
      <Filter>资源文件\SNL_TEST</Filter>
    </Text>
    <Text Include="SNL-Test\simple\SCAN.TXT">
      <Filter>资源文件\SNL_TEST</Filter>
    </Text>
    <Text Include="SNL-Test\simple\SD1.TXT">
      <Filter>资源文件\SNL_TEST</Filter>
    </Text>
    <Text Include="Production\production.txt">
      <Filter>资源文件\Prodctions</Filter>
    </Text>
    <Text Include="Production\production11.txt">
      <Filter>资源文件\Prodctions</Filter>
    </Text>
    <Text Include="Production\productions_ppt.txt">
      <Filter>资源文件\Prodctions</Filter>
    </Text>
  </ItemGroup>
</Project>